
Microsoft Visual Studio Solution File, Format Version 12.00
# Visual Studio 2012
Project("{FAE04EC0-301F-11D3-BF4B-00C04F79EFBC}") = "LaoBernardBSCS3A_AdvDBMS+SE_Project", "LaoBernardBSCS3A_AdvDBMS+SE_Project\LaoBernardBSCS3A_AdvDBMS+SE_Project.csproj", "{DCD94A81-4BD4-42F4-ABFF-B0811548DF1C}"
EndProject
Global
	GlobalSection(SolutionConfigurationPlatforms) = preSolution
		Debug|Any CPU = Debug|Any CPU
		Release|Any CPU = Release|Any CPU
	EndGlobalSection
	GlobalSection(ProjectConfigurationPlatforms) = postSolution
		{DCD94A81-4BD4-42F4-ABFF-B0811548DF1C}.Debug|Any CPU.ActiveCfg = Debug|Any CPU
		{DCD94A81-4BD4-42F4-ABFF-B0811548DF1C}.Debug|Any CPU.Build.0 = Debug|Any CPU
		{DCD94A81-4BD4-42F4-ABFF-B0811548DF1C}.Release|Any CPU.ActiveCfg = Release|Any CPU
		{DCD94A81-4BD4-42F4-ABFF-B0811548DF1C}.Release|Any CPU.Build.0 = Release|Any CPU
	EndGlobalSection
	GlobalSection(SolutionProperties) = preSolution
		HideSolutionNode = FALSE
	EndGlobalSection
EndGlobal
